PODS:
  - CNPPopupController (0.2.0)
  - DMPagerViewController (0.1.0)
  - SBJson (4.0.1)
  - SVProgressHUD (1.1.3)

DEPENDENCIES:
  - CNPPopupController
  - DMPagerViewController
  - SBJson
  - SVProgressHUD

SPEC CHECKSUMS:
  CNPPopupController: 2a2860d4b3cf472725c047d5d9ab87d8506cb735
  DMPagerViewController: 5453908781710ae6759884c24ebc0413d44cff12
  SBJson: 68f16f446bd6047dc3dd1ec4919a468c2cd7fedd
  SVProgressHUD: 748080e4f36e603f6c02aec292664239df5279c1

COCOAPODS: 0.36.4
